# Complete Python 3.11 release environment. Install with --no-deps, then run pip check.
# Regenerate deliberately when the release pipeline version changes.
arch==8.0.0 --hash=sha256:975ec3bdf7926335742ac362251fafe32b448b8f194dead062f22a00beef772d
arviz==0.22.0 --hash=sha256:336a3a4b1aa981997945f9ca104ca9f827e9c943f13760b18bf645ee5b12d56d
cachetools==6.2.2 --hash=sha256:6c09c98183bf58560c97b2abfcedcbaf6a896a490f534b031b661d3723b45ace
certifi==2025.7.9 --hash=sha256:d842783a14f8fdd646895ac26f719a061408834473cfc10203f6a575beb15d39
charset-normalizer==3.4.2 --hash=sha256:fdb20a30fe1175ecabed17cbf7812f7b804b8a315a25f24678bcdf120a90077f
cloudpickle==3.1.2 --hash=sha256:9acb47f6afd73f60dc1df93bb801b472f05ff42fa6c84167d25cb206be1fbf4a
cons==0.4.7 --hash=sha256:e38ee12cf703559ea744c94f725bee0e2329f32daf0249b49db1b0437cc6cb94
contourpy==1.3.2 --hash=sha256:3859783aefa2b8355697f16642695a5b9792e7a46ab86da1118a4a23a51a33d7
cycler==0.12.1 --hash=sha256:85cef7cff222d8644161529808465972e51340599459b8ac3ccbac5a854e0d30
etuples==0.3.10 --hash=sha256:4408c7940ef06af52dbbea0954a8a1817ed5750ce905ff48091ac3cd3aeb720b
et_xmlfile==2.0.0 --hash=sha256:7a91720bc756843502c3b7504c77b8fe44217c85c537d85037f0f536151b2caa
filelock==3.20.0 --hash=sha256:339b4732ffda5cd79b13f4e2711a31b0365ce445d95d243bb996273d072546a2
firthmodels==0.7.1 --hash=sha256:5ebcf04e4b4534bd55bb2270b32b0ce430233d6ce38d5661f3ea6e45cb9fa356
fonttools==4.58.5 --hash=sha256:0bfddfd09aafbbfb3bd98ae67415fbe51eccd614c17db0c8844fe724fbc5d43d
geopandas==1.1.3 --hash=sha256:90d62a64f95eaa3be2ccc115c5f3d6e24208bb11983b390fdc0621a3eccd0230
h5netcdf==1.7.3 --hash=sha256:b1967678127d55009edd4c7e36cb322a7b66bdade37a2e229d857f5ecf375c01
h5py==3.14.0 --hash=sha256:723a40ee6505bd354bfd26385f2dae7bbfa87655f4e61bab175a49d72ebfc06b
idna==3.10 --hash=sha256:946d195a0d259cbba61165e88e65941f16e9b36ea6ddb97f00452bae8b1287d3
joblib==1.5.1 --hash=sha256:4719a31f054c7d766948dcd83e9613686b27114f190f717cec7eaa2084f8a74a
kiwisolver==1.4.8 --hash=sha256:3a96c0e790ee875d65e340ab383700e2b4891677b7fcd30a699146f9384a2bb0
logical-unification==0.4.7 --hash=sha256:077f49e32693bc66a418f08c1de540f55b5a20f237ffb80ea85d99bfc6139c3b
markdown-it-py==4.0.0 --hash=sha256:87327c59b172c5011896038353a81343b6754500a08cd7a4973bb48c6d578147
matplotlib==3.10.3 --hash=sha256:fdfa07c0ec58035242bc8b2c8aae37037c9a886370eef6850703d7583e19964b
mdurl==0.1.2 --hash=sha256:84008a41e51615a49fc9966191ff91509e3c40b939176e643fd50a5c2196b8f8
miniKanren==1.0.5 --hash=sha256:22c24f4fdf009a56e30655787af45c90f0704bcc24e8d3e651378675b4bccb21
multipledispatch==1.0.0 --hash=sha256:0c53cd8b077546da4e48869f49b13164bebafd0c2a5afceb6bb6a316e7fb46e4
narwhals==2.22.1 --hash=sha256:60567d774edf77db53906f89d9fbd164e66e56d66d388e1e6990f17ac33cfb53
numpy==2.2.6 --hash=sha256:ba10f8411898fc418a521833e014a77d3ca01c15b0c6cdcce6a0d2897e6dbbdf
openpyxl==3.1.5 --hash=sha256:5282c12b107bffeef825f4617dc029afaf41d0ea60823bbb665ef3079dc79de2
packaging==25.0 --hash=sha256:29572ef2b1f17581046b3a2227d5c611fb25ec70ca1ba8554b24b0e69331a484
pandas==2.3.1 --hash=sha256:3462c3735fe19f2638f2c3a40bd94ec2dc5ba13abbb032dd2fa1f540a075509d
patsy==1.0.1 --hash=sha256:751fb38f9e97e62312e921a1954b81e1bb2bcda4f5eeabaf94db251ee791509c
pillow==11.3.0 --hash=sha256:91da1d88226663594e3f6b4b8c3c8d85bd504117d043740a8e0ec449087cc494
plotly==6.8.0 --hash=sha256:13c5c4a0f70b74cab1913eda0de49b826df5931708eb6f9c3010040614700ec8
pyarrow==18.1.0 --hash=sha256:e31e9417ba9c42627574bdbfeada7217ad8a4cbbe45b9d6bdd4b62abbca4c6f6
Pygments==2.19.2 --hash=sha256:86540386c03d588bb81d44bc3928634ff26449851e99741617ecb9037ee5ec0b
pymc==5.26.1 --hash=sha256:6bf5a13eb50627c49d62a1e267fde859fe8bb744e3f718c294c908863dfef6a9
pyogrio==0.12.1 --hash=sha256:1f6c621972b09fd81a32317e742c69ff4a7763a803da211361a78317f9577765
pyparsing==3.2.3 --hash=sha256:a749938e02d6fd0b59b356ca504a24982314bb090c383e3cf201c95ef7e2bfcf
pyproj==3.7.1 --hash=sha256:8c5dcf24ede53d8abab7d8a77f69ff1936c6a8843ef4fcc574646e4be66e5739
pytensor==2.35.1 --hash=sha256:5bb6781b9e974612e4f87ce9bce7bb8f9cd57b1e097c73afe58c250e8f528673
python-dateutil==2.9.0.post0 --hash=sha256:a8b2bc7bffae282281c8140a97d3aa9c14da0b136dfe83f850eea9a5f7470427
pytz==2025.2 --hash=sha256:5ddf76296dd8c44c26eb8f4b6f35488f3ccbf6fbbd7adee0b7262d43f0ec2f00
requests==2.32.5 --hash=sha256:2462f94637a34fd532264295e186976db0f5d453d1cdd31473c85a6a161affb6
rich==14.2.0 --hash=sha256:76bc51fe2e57d2b1be1f96c524b890b816e334ab4c1e45888799bfaab0021edd
scikit-learn==1.6.1 --hash=sha256:25fc636bdaf1cc2f4a124a116312d837148b5e10872147bdaf4887926b8c03d8
scipy==1.16.0 --hash=sha256:a2f0bf2f58031c8701a8b601df41701d2a7be17c7ffac0a4816aeba89c4cdac8
setuptools==80.9.0 --hash=sha256:062d34222ad13e0cc312a4c02d73f059e86a4acbfbdea8f8f76b28c99f306922
shapely==2.1.2 --hash=sha256:136ab87b17e733e22f0961504d05e77e7be8c9b5a8184f685b4a91a84efe3c26
six==1.17.0 --hash=sha256:4721f391ed90541fddacab5acf947aa0d3dc7d27b2e1e8eda2be8970586c3274
statsmodels==0.14.5 --hash=sha256:f402fc793458dd6d96e099acb44cd1de1428565bf7ef3030878a8daff091f08a
threadpoolctl==3.6.0 --hash=sha256:43a0b8fd5a2928500110039e43a5eed8480b918967083ea48dc3ab9f13c4a7fb
toolz==1.1.0 --hash=sha256:15ccc861ac51c53696de0a5d6d4607f99c210739caf987b5d2054f3efed429d8
tqdm==4.67.1 --hash=sha256:26445eca388f82e72884e0d580d5464cd801a3ea01e63e5601bdff9ba6a48de2
typing_extensions==4.14.1 --hash=sha256:d1e1e3b58374dc93031d6eda2420a48ea44a36c2b4766a4fdeb3710755731d76
tzdata==2025.2 --hash=sha256:1a403fada01ff9221ca8044d701868fa132215d84beb92242d9acd2147f667a8
urllib3==2.5.0 --hash=sha256:e6b01673c0fa6a13e374b50871808eb3bf7046c4b125b216f6bf1cc604cff0dc
xarray==2025.12.0 --hash=sha256:9e77e820474dbbe4c6c2954d0da6342aa484e33adaa96ab916b15a786181e970
xarray-einstats==0.9.1 --hash=sha256:777339524e85d066f2ef9ed1e3a3fb63aead4c1065fd1406f30dfa4de58ce063
